
Microsoft Visual Studio Solution File, Format Version 12.00
# Visual Studio Version 17
VisualStudioVersion = 17.0.32112.339
MinimumVisualStudioVersion = 10.0.40219.1
Project("{8BC9CEB8-8B4A-11D0-8D11-00A0C91BC942}") = "app", "app\app.vcxproj", "{A85C2CF7-7A38-4627-B413-366DB2757CFC}"
EndProject
Project("{8BC9CEB8-8B4A-11D0-8D11-00A0C91BC942}") = "test", "test\test.vcxproj", "{AFD87921-6668-443E-9442-812F87192768}"
EndProject
Global
	GlobalSection(SolutionConfigurationPlatforms) = preSolution
		Debug|x64 = Debug|x64
		Debug|x86 = Debug|x86
		Release|x64 = Release|x64
		Release|x86 = Release|x86
	EndGlobalSection
	GlobalSection(ProjectConfigurationPlatforms) = postSolution
		{A85C2CF7-7A38-4627-B413-366DB2757CFC}.Debug|x64.ActiveCfg = Debug|x64
		{A85C2CF7-7A38-4627-B413-366DB2757CFC}.Debug|x64.Build.0 = Debug|x64
		{A85C2CF7-7A38-4627-B413-366DB2757CFC}.Debug|x86.ActiveCfg = Debug|Win32
		{A85C2CF7-7A38-4627-B413-366DB2757CFC}.Debug|x86.Build.0 = Debug|Win32
		{A85C2CF7-7A38-4627-B413-366DB2757CFC}.Release|x64.ActiveCfg = Release|x64
		{A85C2CF7-7A38-4627-B413-366DB2757CFC}.Release|x64.Build.0 = Release|x64
		{A85C2CF7-7A38-4627-B413-366DB2757CFC}.Release|x86.ActiveCfg = Release|Win32
		{A85C2CF7-7A38-4627-B413-366DB2757CFC}.Release|x86.Build.0 = Release|Win32
		{AFD87921-6668-443E-9442-812F87192768}.Debug|x64.ActiveCfg = Debug|x64
		{AFD87921-6668-443E-9442-812F87192768}.Debug|x64.Build.0 = Debug|x64
		{AFD87921-6668-443E-9442-812F87192768}.Debug|x86.ActiveCfg = Debug|Win32
		{AFD87921-6668-443E-9442-812F87192768}.Debug|x86.Build.0 = Debug|Win32
		{AFD87921-6668-443E-9442-812F87192768}.Release|x64.ActiveCfg = Release|x64
		{AFD87921-6668-443E-9442-812F87192768}.Release|x64.Build.0 = Release|x64
		{AFD87921-6668-443E-9442-812F87192768}.Release|x86.ActiveCfg = Release|Win32
		{AFD87921-6668-443E-9442-812F87192768}.Release|x86.Build.0 = Release|Win32
	EndGlobalSection
	GlobalSection(SolutionProperties) = preSolution
		HideSolutionNode = FALSE
	EndGlobalSection
	GlobalSection(ExtensibilityGlobals) = postSolution
		SolutionGuid = {ABA97E4F-66B5-48F3-AAB8-4AE3A17840A1}
	EndGlobalSection
EndGlobal
